// !$*UTF8*$!
{
	archiveVersion = 1;
	classes = {
	};
	objectVersion = 50;
	objects = {

/* Begin PBXBuildFile section */
		A504F96120FAA796007E8BB4 /* Extensions.swift in Sources */ = {isa = PBXBuildFile; fileRef = A504F96020FAA796007E8BB4 /* Extensions.swift */; };
		A54B67C020FA4FFA001A9E7E /* SettingsViewController.swift in Sources */ = {isa = PBXBuildFile; fileRef = A54B67BF20FA4FFA001A9E7E /* SettingsViewController.swift */; };
		A55A1CAB20F2137000AE31F9 /* AppDelegate.swift in Sources */ = {isa = PBXBuildFile; fileRef = A55A1CAA20F2137000AE31F9 /* AppDelegate.swift */; };
		A55A1CB020F2137000AE31F9 /* Main.storyboard in Resources */ = {isa = PBXBuildFile; fileRef = A55A1CAE20F2137000AE31F9 /* Main.storyboard */; };
		A55A1CB320F2137000AE31F9 /* SimpleTaskManager.xcdatamodeld in Sources */ = {isa = PBXBuildFile; fileRef = A55A1CB120F2137000AE31F9 /* SimpleTaskManager.xcdatamodeld */; };
		A55A1CB520F2137200AE31F9 /* Assets.xcassets in Resources */ = {isa = PBXBuildFile; fileRef = A55A1CB420F2137200AE31F9 /* Assets.xcassets */; };
		A55A1CB820F2137200AE31F9 /* LaunchScreen.storyboard in Resources */ = {isa = PBXBuildFile; fileRef = A55A1CB620F2137200AE31F9 /* LaunchScreen.storyboard */; };
		A55A1CC320F2137200AE31F9 /* SimpleTaskManagerTests.swift in Sources */ = {isa = PBXBuildFile; fileRef = A55A1CC220F2137200AE31F9 /* SimpleTaskManagerTests.swift */; };
		A55A1CCE20F2137200AE31F9 /* SimpleTaskManagerUITests.swift in Sources */ = {isa = PBXBuildFile; fileRef = A55A1CCD20F2137200AE31F9 /* SimpleTaskManagerUITests.swift */; };
		A55A1CDC20F2184800AE31F9 /* DetailViewController.swift in Sources */ = {isa = PBXBuildFile; fileRef = A55A1CDB20F2184800AE31F9 /* DetailViewController.swift */; };
		A55A1CDE20F21AD100AE31F9 /* MainViewController.swift in Sources */ = {isa = PBXBuildFile; fileRef = A55A1CDD20F21AD100AE31F9 /* MainViewController.swift */; };
		A5E8D39520FE40C50059DC9D /* Task+CoreDataClass.swift in Sources */ = {isa = PBXBuildFile; fileRef = A5E8D39120FE40C50059DC9D /* Task+CoreDataClass.swift */; };
		A5E8D39620FE40C50059DC9D /* Task+CoreDataProperties.swift in Sources */ = {isa = PBXBuildFile; fileRef = A5E8D39220FE40C50059DC9D /* Task+CoreDataProperties.swift */; };
		A5E8D39720FE40C50059DC9D /* Category+CoreDataClass.swift in Sources */ = {isa = PBXBuildFile; fileRef = A5E8D39320FE40C50059DC9D /* Category+CoreDataClass.swift */; };
		A5E8D39820FE40C50059DC9D /* Category+CoreDataProperties.swift in Sources */ = {isa = PBXBuildFile; fileRef = A5E8D39420FE40C50059DC9D /* Category+CoreDataProperties.swift */; };
		A5E8D39B20FE70EA0059DC9D /* AppUtilities.swift in Sources */ = {isa = PBXBuildFile; fileRef = A5E8D39A20FE70EA0059DC9D /* AppUtilities.swift */; };
/* End PBXBuildFile section */

/* Begin PBXContainerItemProxy section */
		A55A1CBF20F2137200AE31F9 /* PBXContainerItemProxy */ = {
			isa = PBXContainerItemProxy;
			containerPortal = A55A1C9F20F2136F00AE31F9 /* Project object */;
			proxyType = 1;
			remoteGlobalIDString = A55A1CA620F2137000AE31F9;
			remoteInfo = SimpleTaskManager;
		};
		A55A1CCA20F2137200AE31F9 /* PBXContainerItemProxy */ = {
			isa = PBXContainerItemProxy;
			containerPortal = A55A1C9F20F2136F00AE31F9 /* Project object */;
			proxyType = 1;
			remoteGlobalIDString = A55A1CA620F2137000AE31F9;
			remoteInfo = SimpleTaskManager;
		};
/* End PBXContainerItemProxy section */

/* Begin PBXFileReference section */
		A504F96020FAA796007E8BB4 /* Extensions.swift */ = {isa = PBXFileReference; lastKnownFileType = sourcecode.swift; path = Extensions.swift; sourceTree = "<group>"; };
		A54B67BF20FA4FFA001A9E7E /* SettingsViewController.swift */ = {isa = PBXFileReference; lastKnownFileType = sourcecode.swift; path = SettingsViewController.swift; sourceTree = "<group>"; };
		A55A1CA720F2137000AE31F9 /* SimpleTaskManager.app */ = {isa = PBXFileReference; explicitFileType = wrapper.application; includeInIndex = 0; path = SimpleTaskManager.app; sourceTree = BUILT_PRODUCTS_DIR; };
		A55A1CAA20F2137000AE31F9 /* AppDelegate.swift */ = {isa = PBXFileReference; lastKnownFileType = sourcecode.swift; path = AppDelegate.swift; sourceTree = "<group>"; };
		A55A1CAF20F2137000AE31F9 /* Base */ = {isa = PBXFileReference; lastKnownFileType = file.storyboard; name = Base; path = Base.lproj/Main.storyboard; sourceTree = "<group>"; };
		A55A1CB220F2137000AE31F9 /* SimpleTaskManager.xcdatamodel */ = {isa = PBXFileReference; lastKnownFileType = wrapper.xcdatamodel; path = SimpleTaskManager.xcdatamodel; sourceTree = "<group>"; };
		A55A1CB420F2137200AE31F9 /* Assets.xcassets */ = {isa = PBXFileReference; lastKnownFileType = folder.assetcatalog; path = Assets.xcassets; sourceTree = "<group>"; };
		A55A1CB720F2137200AE31F9 /* Base */ = {isa = PBXFileReference; lastKnownFileType = file.storyboard; name = Base; path = Base.lproj/LaunchScreen.storyboard; sourceTree = "<group>"; };
		A55A1CB920F2137200AE31F9 /* Info.plist */ = {isa = PBXFileReference; lastKnownFileType = text.plist.xml; path = Info.plist; sourceTree = "<group>"; };
		A55A1CBE20F2137200AE31F9 /* SimpleTaskManagerTests.xctest */ = {isa = PBXFileReference; explicitFileType = wrapper.cfbundle; includeInIndex = 0; path = SimpleTaskManagerTests.xctest; sourceTree = BUILT_PRODUCTS_DIR; };
		A55A1CC220F2137200AE31F9 /* SimpleTaskManagerTests.swift */ = {isa = PBXFileReference; lastKnownFileType = sourcecode.swift; path = SimpleTaskManagerTests.swift; sourceTree = "<group>"; };
		A55A1CC420F2137200AE31F9 /* Info.plist */ = {isa = PBXFileReference; lastKnownFileType = text.plist.xml; path = Info.plist; sourceTree = "<group>"; };
		A55A1CC920F2137200AE31F9 /* SimpleTaskManagerUITests.xctest */ = {isa = PBXFileReference; explicitFileType = wrapper.cfbundle; includeInIndex = 0; path = SimpleTaskManagerUITests.xctest; sourceTree = BUILT_PRODUCTS_DIR; };
		A55A1CCD20F2137200AE31F9 /* SimpleTaskManagerUITests.swift */ = {isa = PBXFileReference; lastKnownFileType = sourcecode.swift; path = SimpleTaskManagerUITests.swift; sourceTree = "<group>"; };
		A55A1CCF20F2137200AE31F9 /* Info.plist */ = {isa = PBXFileReference; lastKnownFileType = text.plist.xml; path = Info.plist; sourceTree = "<group>"; };
		A55A1CDB20F2184800AE31F9 /* DetailViewController.swift */ = {isa = PBXFileReference; lastKnownFileType = sourcecode.swift; path = DetailViewController.swift; sourceTree = "<group>"; };
		A55A1CDD20F21AD100AE31F9 /* MainViewController.swift */ = {isa = PBXFileReference; lastKnownFileType = sourcecode.swift; path = MainViewController.swift; sourceTree = "<group>"; };
		A5E8D39120FE40C50059DC9D /* Task+CoreDataClass.swift */ = {isa = PBXFileReference; lastKnownFileType = sourcecode.swift; path = "Task+CoreDataClass.swift"; sourceTree = "<group>"; };
		A5E8D39220FE40C50059DC9D /* Task+CoreDataProperties.swift */ = {isa = PBXFileReference; lastKnownFileType = sourcecode.swift; path = "Task+CoreDataProperties.swift"; sourceTree = "<group>"; };
		A5E8D39320FE40C50059DC9D /* Category+CoreDataClass.swift */ = {isa = PBXFileReference; lastKnownFileType = sourcecode.swift; path = "Category+CoreDataClass.swift"; sourceTree = "<group>"; };
		A5E8D39420FE40C50059DC9D /* Category+CoreDataProperties.swift */ = {isa = PBXFileReference; lastKnownFileType = sourcecode.swift; path = "Category+CoreDataProperties.swift"; sourceTree = "<group>"; };
		A5E8D39A20FE70EA0059DC9D /* AppUtilities.swift */ = {isa = PBXFileReference; lastKnownFileType = sourcecode.swift; path = AppUtilities.swift; sourceTree = "<group>"; };
/* End PBXFileReference section */

/* Begin PBXFrameworksBuildPhase section */
		A55A1CA420F2137000AE31F9 /* Frameworks */ = {
			isa = PBXFrameworksBuildPhase;
			buildActionMask = 2147483647;
			files = (
			);
			runOnlyForDeploymentPostprocessing = 0;
		};
		A55A1CBB20F2137200AE31F9 /* Frameworks */ = {
			isa = PBXFrameworksBuildPhase;
			buildActionMask = 2147483647;
			files = (
			);
			runOnlyForDeploymentPostprocessing = 0;
		};
		A55A1CC620F2137200AE31F9 /* Frameworks */ = {
			isa = PBXFrameworksBuildPhase;
			buildActionMask = 2147483647;
			files = (
			);
			runOnlyForDeploymentPostprocessing = 0;
		};
/* End PBXFrameworksBuildPhase section */

/* Begin PBXGroup section */
		A55A1C9E20F2136F00AE31F9 = {
			isa = PBXGroup;
			children = (
				A55A1CA920F2137000AE31F9 /* SimpleTaskManager */,
				A55A1CC120F2137200AE31F9 /* SimpleTaskManagerTests */,
				A55A1CCC20F2137200AE31F9 /* SimpleTaskManagerUITests */,
				A55A1CA820F2137000AE31F9 /* Products */,
			);
			sourceTree = "<group>";
		};
		A55A1CA820F2137000AE31F9 /* Products */ = {
			isa = PBXGroup;
			children = (
				A55A1CA720F2137000AE31F9 /* SimpleTaskManager.app */,
				A55A1CBE20F2137200AE31F9 /* SimpleTaskManagerTests.xctest */,
				A55A1CC920F2137200AE31F9 /* SimpleTaskManagerUITests.xctest */,
			);
			name = Products;
			sourceTree = "<group>";
		};
		A55A1CA920F2137000AE31F9 /* SimpleTaskManager */ = {
			isa = PBXGroup;
			children = (
				A5E8D39920FE40F50059DC9D /* ManagedContext */,
				A55A1CAA20F2137000AE31F9 /* AppDelegate.swift */,
				A55A1CDD20F21AD100AE31F9 /* MainViewController.swift */,
				A55A1CDB20F2184800AE31F9 /* DetailViewController.swift */,
				A54B67BF20FA4FFA001A9E7E /* SettingsViewController.swift */,
				A504F96020FAA796007E8BB4 /* Extensions.swift */,
				A5E8D39A20FE70EA0059DC9D /* AppUtilities.swift */,
				A55A1CAE20F2137000AE31F9 /* Main.storyboard */,
				A55A1CB420F2137200AE31F9 /* Assets.xcassets */,
				A55A1CB620F2137200AE31F9 /* LaunchScreen.storyboard */,
				A55A1CB920F2137200AE31F9 /* Info.plist */,
			);
			path = SimpleTaskManager;
			sourceTree = "<group>";
		};
		A55A1CC120F2137200AE31F9 /* SimpleTaskManagerTests */ = {
			isa = PBXGroup;
			children = (
				A55A1CC220F2137200AE31F9 /* SimpleTaskManagerTests.swift */,
				A55A1CC420F2137200AE31F9 /* Info.plist */,
			);
			path = SimpleTaskManagerTests;
			sourceTree = "<group>";
		};
		A55A1CCC20F2137200AE31F9 /* SimpleTaskManagerUITests */ = {
			isa = PBXGroup;
			children = (
				A55A1CCD20F2137200AE31F9 /* SimpleTaskManagerUITests.swift */,
				A55A1CCF20F2137200AE31F9 /* Info.plist */,
			);
			path = SimpleTaskManagerUITests;
			sourceTree = "<group>";
		};
		A5E8D39920FE40F50059DC9D /* ManagedContext */ = {
			isa = PBXGroup;
			children = (
				A55A1CB120F2137000AE31F9 /* SimpleTaskManager.xcdatamodeld */,
				A5E8D39120FE40C50059DC9D /* Task+CoreDataClass.swift */,
				A5E8D39220FE40C50059DC9D /* Task+CoreDataProperties.swift */,
				A5E8D39320FE40C50059DC9D /* Category+CoreDataClass.swift */,
				A5E8D39420FE40C50059DC9D /* Category+CoreDataProperties.swift */,
			);
			path = ManagedContext;
			sourceTree = "<group>";
		};
/* End PBXGroup section */

/* Begin PBXNativeTarget section */
		A55A1CA620F2137000AE31F9 /* SimpleTaskManager */ = {
			isa = PBXNativeTarget;
			buildConfigurationList = A55A1CD220F2137200AE31F9 /* Build configuration list for PBXNativeTarget "SimpleTaskManager" */;
			buildPhases = (
				A55A1CA320F2137000AE31F9 /* Sources */,
				A55A1CA420F2137000AE31F9 /* Frameworks */,
				A55A1CA520F2137000AE31F9 /* Resources */,
			);
			buildRules = (
			);
			dependencies = (
			);
			name = SimpleTaskManager;
			productName = SimpleTaskManager;
			productReference = A55A1CA720F2137000AE31F9 /* SimpleTaskManager.app */;
			productType = "com.apple.product-type.application";
		};
		A55A1CBD20F2137200AE31F9 /* SimpleTaskManagerTests */ = {
			isa = PBXNativeTarget;
			buildConfigurationList = A55A1CD520F2137200AE31F9 /* Build configuration list for PBXNativeTarget "SimpleTaskManagerTests" */;
			buildPhases = (
				A55A1CBA20F2137200AE31F9 /* Sources */,
				A55A1CBB20F2137200AE31F9 /* Frameworks */,
				A55A1CBC20F2137200AE31F9 /* Resources */,
			);
			buildRules = (
			);
			dependencies = (
				A55A1CC020F2137200AE31F9 /* PBXTargetDependency */,
			);
			name = SimpleTaskManagerTests;
			productName = SimpleTaskManagerTests;
			productReference = A55A1CBE20F2137200AE31F9 /* SimpleTaskManagerTests.xctest */;
			productType = "com.apple.product-type.bundle.unit-test";
		};
		A55A1CC820F2137200AE31F9 /* SimpleTaskManagerUITests */ = {
			isa = PBXNativeTarget;
			buildConfigurationList = A55A1CD820F2137200AE31F9 /* Build configuration list for PBXNativeTarget "SimpleTaskManagerUITests" */;
			buildPhases = (
				A55A1CC520F2137200AE31F9 /* Sources */,
				A55A1CC620F2137200AE31F9 /* Frameworks */,
				A55A1CC720F2137200AE31F9 /* Resources */,
			);
			buildRules = (
			);
			dependencies = (
				A55A1CCB20F2137200AE31F9 /* PBXTargetDependency */,
			);
			name = SimpleTaskManagerUITests;
			productName = SimpleTaskManagerUITests;
			productReference = A55A1CC920F2137200AE31F9 /* SimpleTaskManagerUITests.xctest */;
			productType = "com.apple.product-type.bundle.ui-testing";
		};
/* End PBXNativeTarget section */

/* Begin PBXProject section */
		A55A1C9F20F2136F00AE31F9 /* Project object */ = {
			isa = PBXProject;
			attributes = {
				LastSwiftUpdateCheck = 0940;
				LastUpgradeCheck = 0940;
				ORGANIZATIONNAME = OWLMAC3;
				TargetAttributes = {
					A55A1CA620F2137000AE31F9 = {
						CreatedOnToolsVersion = 9.4.1;
					};
					A55A1CBD20F2137200AE31F9 = {
						CreatedOnToolsVersion = 9.4.1;
						TestTargetID = A55A1CA620F2137000AE31F9;
					};
					A55A1CC820F2137200AE31F9 = {
						CreatedOnToolsVersion = 9.4.1;
						TestTargetID = A55A1CA620F2137000AE31F9;
					};
				};
			};
			buildConfigurationList = A55A1CA220F2136F00AE31F9 /* Build configuration list for PBXProject "SimpleTaskManager" */;
			compatibilityVersion = "Xcode 9.3";
			developmentRegion = en;
			hasScannedForEncodings = 0;
			knownRegions = (
				en,
				Base,
			);
			mainGroup = A55A1C9E20F2136F00AE31F9;
			productRefGroup = A55A1CA820F2137000AE31F9 /* Products */;
			projectDirPath = "";
			projectRoot = "";
			targets = (
				A55A1CA620F2137000AE31F9 /* SimpleTaskManager */,
				A55A1CBD20F2137200AE31F9 /* SimpleTaskManagerTests */,
				A55A1CC820F2137200AE31F9 /* SimpleTaskManagerUITests */,
			);
		};
/* End PBXProject section */

/* Begin PBXResourcesBuildPhase section */
		A55A1CA520F2137000AE31F9 /* Resources */ = {
			isa = PBXResourcesBuildPhase;
			buildActionMask = 2147483647;
			files = (
				A55A1CB820F2137200AE31F9 /* LaunchScreen.storyboard in Resources */,
				A55A1CB520F2137200AE31F9 /* Assets.xcassets in Resources */,
				A55A1CB020F2137000AE31F9 /* Main.storyboard in Resources */,
			);
			runOnlyForDeploymentPostprocessing = 0;
		};
		A55A1CBC20F2137200AE31F9 /* Resources */ = {
			isa = PBXResourcesBuildPhase;
			buildActionMask = 2147483647;
			files = (
			);
			runOnlyForDeploymentPostprocessing = 0;
		};
		A55A1CC720F2137200AE31F9 /* Resources */ = {
			isa = PBXResourcesBuildPhase;
			buildActionMask = 2147483647;
			files = (
			);
			runOnlyForDeploymentPostprocessing = 0;
		};
/* End PBXResourcesBuildPhase section */

/* Begin PBXSourcesBuildPhase section */
		A55A1CA320F2137000AE31F9 /* Sources */ = {
			isa = PBXSourcesBuildPhase;
			buildActionMask = 2147483647;
			files = (
				A55A1CAB20F2137000AE31F9 /* AppDelegate.swift in Sources */,
				A504F96120FAA796007E8BB4 /* Extensions.swift in Sources */,
				A5E8D39B20FE70EA0059DC9D /* AppUtilities.swift in Sources */,
				A5E8D39520FE40C50059DC9D /* Task+CoreDataClass.swift in Sources */,
				A55A1CB320F2137000AE31F9 /* SimpleTaskManager.xcdatamodeld in Sources */,
				A55A1CDC20F2184800AE31F9 /* DetailViewController.swift in Sources */,
				A54B67C020FA4FFA001A9E7E /* SettingsViewController.swift in Sources */,
				A5E8D39620FE40C50059DC9D /* Task+CoreDataProperties.swift in Sources */,
				A5E8D39820FE40C50059DC9D /* Category+CoreDataProperties.swift in Sources */,
				A5E8D39720FE40C50059DC9D /* Category+CoreDataClass.swift in Sources */,
				A55A1CDE20F21AD100AE31F9 /* MainViewController.swift in Sources */,
			);
			runOnlyForDeploymentPostprocessing = 0;
		};
		A55A1CBA20F2137200AE31F9 /* Sources */ = {
			isa = PBXSourcesBuildPhase;
			buildActionMask = 2147483647;
			files = (
				A55A1CC320F2137200AE31F9 /* SimpleTaskManagerTests.swift in Sources */,
			);
			runOnlyForDeploymentPostprocessing = 0;
		};
		A55A1CC520F2137200AE31F9 /* Sources */ = {
			isa = PBXSourcesBuildPhase;
			buildActionMask = 2147483647;
			files = (
				A55A1CCE20F2137200AE31F9 /* SimpleTaskManagerUITests.swift in Sources */,
			);
			runOnlyForDeploymentPostprocessing = 0;
		};
/* End PBXSourcesBuildPhase section */

/* Begin PBXTargetDependency section */
		A55A1CC020F2137200AE31F9 /* PBXTargetDependency */ = {
			isa = PBXTargetDependency;
			target = A55A1CA620F2137000AE31F9 /* SimpleTaskManager */;
			targetProxy = A55A1CBF20F2137200AE31F9 /* PBXContainerItemProxy */;
		};
		A55A1CCB20F2137200AE31F9 /* PBXTargetDependency */ = {
			isa = PBXTargetDependency;
			target = A55A1CA620F2137000AE31F9 /* SimpleTaskManager */;
			targetProxy = A55A1CCA20F2137200AE31F9 /* PBXContainerItemProxy */;
		};
/* End PBXTargetDependency section */

/* Begin PBXVariantGroup section */
		A55A1CAE20F2137000AE31F9 /* Main.storyboard */ = {
			isa = PBXVariantGroup;
			children = (
				A55A1CAF20F2137000AE31F9 /* Base */,
			);
			name = Main.storyboard;
			sourceTree = "<group>";
		};
		A55A1CB620F2137200AE31F9 /* LaunchScreen.storyboard */ = {
			isa = PBXVariantGroup;
			children = (
				A55A1CB720F2137200AE31F9 /* Base */,
			);
			name = LaunchScreen.storyboard;
			sourceTree = "<group>";
		};
/* End PBXVariantGroup section */

/* Begin XCBuildConfiguration section */
		A55A1CD020F2137200AE31F9 /* Debug */ = {
			isa = XCBuildConfiguration;
			buildSettings = {
				ALWAYS_SEARCH_USER_PATHS = NO;
				CLANG_ANALYZER_NONNULL = YES;
				CLANG_ANALYZER_NUMBER_OBJECT_CONVERSION = YES_AGGRESSIVE;
				CLANG_CXX_LANGUAGE_STANDARD = "gnu++14";
				CLANG_CXX_LIBRARY = "libc++";
				CLANG_ENABLE_MODULES = YES;
				CLANG_ENABLE_OBJC_ARC = YES;
				CLANG_ENABLE_OBJC_WEAK = YES;
				CLANG_WARN_BLOCK_CAPTURE_AUTORELEASING = YES;
				CLANG_WARN_BOOL_CONVERSION = YES;
				CLANG_WARN_COMMA = YES;
				CLANG_WARN_CONSTANT_CONVERSION = YES;
				CLANG_WARN_DEPRECATED_OBJC_IMPLEMENTATIONS = YES;
				CLANG_WARN_DIRECT_OBJC_ISA_USAGE = YES_ERROR;
				CLANG_WARN_DOCUMENTATION_COMMENTS = YES;
				CLANG_WARN_EMPTY_BODY = YES;
				CLANG_WARN_ENUM_CONVERSION = YES;
				CLANG_WARN_INFINITE_RECURSION = YES;
				CLANG_WARN_INT_CONVERSION = YES;
				CLANG_WARN_NON_LITERAL_NULL_CONVERSION = YES;
				CLANG_WARN_OBJC_IMPLICIT_RETAIN_SELF = YES;
				CLANG_WARN_OBJC_LITERAL_CONVERSION = YES;
				CLANG_WARN_OBJC_ROOT_CLASS = YES_ERROR;
				CLANG_WARN_RANGE_LOOP_ANALYSIS = YES;
				CLANG_WARN_STRICT_PROTOTYPES = YES;
				CLANG_WARN_SUSPICIOUS_MOVE = YES;
				CLANG_WARN_UNGUARDED_AVAILABILITY = YES_AGGRESSIVE;
				CLANG_WARN_UNREACHABLE_CODE = YES;
				CLANG_WARN__DUPLICATE_METHOD_MATCH = YES;
				CODE_SIGN_IDENTITY = "iPhone Developer";
				COPY_PHASE_STRIP = NO;
				DEBUG_INFORMATION_FORMAT = dwarf;
				ENABLE_STRICT_OBJC_MSGSEND = YES;
				ENABLE_TESTABILITY = YES;
				GCC_C_LANGUAGE_STANDARD = gnu11;
				GCC_DYNAMIC_NO_PIC = NO;
				GCC_NO_COMMON_BLOCKS = YES;
				GCC_OPTIMIZATION_LEVEL = 0;
				GCC_PREPROCESSOR_DEFINITIONS = (
					"DEBUG=1",
					"$(inherited)",
				);
				GCC_WARN_64_TO_32_BIT_CONVERSION = YES;
				GCC_WARN_ABOUT_RETURN_TYPE = YES_ERROR;
				GCC_WARN_UNDECLARED_SELECTOR = YES;
				GCC_WARN_UNINITIALIZED_AUTOS = YES_AGGRESSIVE;
				GCC_WARN_UNUSED_FUNCTION = YES;
				GCC_WARN_UNUSED_VARIABLE = YES;
				IPHONEOS_DEPLOYMENT_TARGET = 11.4;
				MTL_ENABLE_DEBUG_INFO = YES;
				ONLY_ACTIVE_ARCH = YES;
				SDKROOT = iphoneos;
				SWIFT_ACTIVE_COMPILATION_CONDITIONS = DEBUG;
				SWIFT_OPTIMIZATION_LEVEL = "-Onone";
			};
			name = Debug;
		};
		A55A1CD120F2137200AE31F9 /* Release */ = {
			isa = XCBuildConfiguration;
			buildSettings = {
				ALWAYS_SEARCH_USER_PATHS = NO;
				CLANG_ANALYZER_NONNULL = YES;
				CLANG_ANALYZER_NUMBER_OBJECT_CONVERSION = YES_AGGRESSIVE;
				CLANG_CXX_LANGUAGE_STANDARD = "gnu++14";
				CLANG_CXX_LIBRARY = "libc++";
				CLANG_ENABLE_MODULES = YES;
				CLANG_ENABLE_OBJC_ARC = YES;
				CLANG_ENABLE_OBJC_WEAK = YES;
				CLANG_WARN_BLOCK_CAPTURE_AUTORELEASING = YES;
				CLANG_WARN_BOOL_CONVERSION = YES;
				CLANG_WARN_COMMA = YES;
				CLANG_WARN_CONSTANT_CONVERSION = YES;
				CLANG_WARN_DEPRECATED_OBJC_IMPLEMENTATIONS = YES;
				CLANG_WARN_DIRECT_OBJC_ISA_USAGE = YES_ERROR;
				CLANG_WARN_DOCUMENTATION_COMMENTS = YES;
				CLANG_WARN_EMPTY_BODY = YES;
				CLANG_WARN_ENUM_CONVERSION = YES;
				CLANG_WARN_INFINITE_RECURSION = YES;
				CLANG_WARN_INT_CONVERSION = YES;
				CLANG_WARN_NON_LITERAL_NULL_CONVERSION = YES;
				CLANG_WARN_OBJC_IMPLICIT_RETAIN_SELF = YES;
				CLANG_WARN_OBJC_LITERAL_CONVERSION = YES;
				CLANG_WARN_OBJC_ROOT_CLASS = YES_ERROR;
				CLANG_WARN_RANGE_LOOP_ANALYSIS = YES;
				CLANG_WARN_STRICT_PROTOTYPES = YES;
				CLANG_WARN_SUSPICIOUS_MOVE = YES;
				CLANG_WARN_UNGUARDED_AVAILABILITY = YES_AGGRESSIVE;
				CLANG_WARN_UNREACHABLE_CODE = YES;
				CLANG_WARN__DUPLICATE_METHOD_MATCH = YES;
				CODE_SIGN_IDENTITY = "iPhone Developer";
				COPY_PHASE_STRIP = NO;
				DEBUG_INFORMATION_FORMAT = "dwarf-with-dsym";
				ENABLE_NS_ASSERTIONS = NO;
				ENABLE_STRICT_OBJC_MSGSEND = YES;
				GCC_C_LANGUAGE_STANDARD = gnu11;
				GCC_NO_COMMON_BLOCKS = YES;
				GCC_WARN_64_TO_32_BIT_CONVERSION = YES;
				GCC_WARN_ABOUT_RETURN_TYPE = YES_ERROR;
				GCC_WARN_UNDECLARED_SELECTOR = YES;
				GCC_WARN_UNINITIALIZED_AUTOS = YES_AGGRESSIVE;
				GCC_WARN_UNUSED_FUNCTION = YES;
				GCC_WARN_UNUSED_VARIABLE = YES;
				IPHONEOS_DEPLOYMENT_TARGET = 11.4;
				MTL_ENABLE_DEBUG_INFO = NO;
				SDKROOT = iphoneos;
				SWIFT_COMPILATION_MODE = wholemodule;
				SWIFT_OPTIMIZATION_LEVEL = "-O";
				VALIDATE_PRODUCT = YES;
			};
			name = Release;
		};
		A55A1CD320F2137200AE31F9 /* Debug */ = {
			isa = XCBuildConfiguration;
			buildSettings = {
				ASSETCATALOG_COMPILER_APPICON_NAME = AppIcon;
				CODE_SIGN_STYLE = Automatic;
				INFOPLIST_FILE = SimpleTaskManager/Info.plist;
				LD_RUNPATH_SEARCH_PATHS = (
					"$(inherited)",
					"@executable_path/Frameworks",
				);
				PRODUCT_BUNDLE_IDENTIFIER = com.company.SimpleTaskManager.SimpleTaskManager;
				PRODUCT_NAME = "$(TARGET_NAME)";
				SWIFT_VERSION = 4.0;
				TARGETED_DEVICE_FAMILY = "1,2";
			};
			name = Debug;
		};
		A55A1CD420F2137200AE31F9 /* Release */ = {
			isa = XCBuildConfiguration;
			buildSettings = {
				ASSETCATALOG_COMPILER_APPICON_NAME = AppIcon;
				CODE_SIGN_STYLE = Automatic;
				INFOPLIST_FILE = SimpleTaskManager/Info.plist;
				LD_RUNPATH_SEARCH_PATHS = (
					"$(inherited)",
					"@executable_path/Frameworks",
				);
				PRODUCT_BUNDLE_IDENTIFIER = com.company.SimpleTaskManager.SimpleTaskManager;
				PRODUCT_NAME = "$(TARGET_NAME)";
				SWIFT_VERSION = 4.0;
				TARGETED_DEVICE_FAMILY = "1,2";
			};
			name = Release;
		};
		A55A1CD620F2137200AE31F9 /* Debug */ = {
			isa = XCBuildConfiguration;
			buildSettings = {
				ALWAYS_EMBED_SWIFT_STANDARD_LIBRARIES = YES;
				BUNDLE_LOADER = "$(TEST_HOST)";
				CODE_SIGN_STYLE = Automatic;
				INFOPLIST_FILE = SimpleTaskManagerTests/Info.plist;
				LD_RUNPATH_SEARCH_PATHS = (
					"$(inherited)",
					"@executable_path/Frameworks",
					"@loader_path/Frameworks",
				);
				PRODUCT_BUNDLE_IDENTIFIER = com.company.SimpleTaskManager.SimpleTaskManagerTests;
				PRODUCT_NAME = "$(TARGET_NAME)";
				SWIFT_VERSION = 4.0;
				TARGETED_DEVICE_FAMILY = "1,2";
				TEST_HOST = "$(BUILT_PRODUCTS_DIR)/SimpleTaskManager.app/SimpleTaskManager";
			};
			name = Debug;
		};
		A55A1CD720F2137200AE31F9 /* Release */ = {
			isa = XCBuildConfiguration;
			buildSettings = {
				ALWAYS_EMBED_SWIFT_STANDARD_LIBRARIES = YES;
				BUNDLE_LOADER = "$(TEST_HOST)";
				CODE_SIGN_STYLE = Automatic;
				INFOPLIST_FILE = SimpleTaskManagerTests/Info.plist;
				LD_RUNPATH_SEARCH_PATHS = (
					"$(inherited)",
					"@executable_path/Frameworks",
					"@loader_path/Frameworks",
				);
				PRODUCT_BUNDLE_IDENTIFIER = com.company.SimpleTaskManager.SimpleTaskManagerTests;
				PRODUCT_NAME = "$(TARGET_NAME)";
				SWIFT_VERSION = 4.0;
				TARGETED_DEVICE_FAMILY = "1,2";
				TEST_HOST = "$(BUILT_PRODUCTS_DIR)/SimpleTaskManager.app/SimpleTaskManager";
			};
			name = Release;
		};
		A55A1CD920F2137200AE31F9 /* Debug */ = {
			isa = XCBuildConfiguration;
			buildSettings = {
				ALWAYS_EMBED_SWIFT_STANDARD_LIBRARIES = YES;
				CODE_SIGN_STYLE = Automatic;
				INFOPLIST_FILE = SimpleTaskManagerUITests/Info.plist;
				LD_RUNPATH_SEARCH_PATHS = (
					"$(inherited)",
					"@executable_path/Frameworks",
					"@loader_path/Frameworks",
				);
				PRODUCT_BUNDLE_IDENTIFIER = com.company.SimpleTaskManager.SimpleTaskManagerUITests;
				PRODUCT_NAME = "$(TARGET_NAME)";
				SWIFT_VERSION = 4.0;
				TARGETED_DEVICE_FAMILY = "1,2";
				TEST_TARGET_NAME = SimpleTaskManager;
			};
			name = Debug;
		};
		A55A1CDA20F2137200AE31F9 /* Release */ = {
			isa = XCBuildConfiguration;
			buildSettings = {
				ALWAYS_EMBED_SWIFT_STANDARD_LIBRARIES = YES;
				CODE_SIGN_STYLE = Automatic;
				INFOPLIST_FILE = SimpleTaskManagerUITests/Info.plist;
				LD_RUNPATH_SEARCH_PATHS = (
					"$(inherited)",
					"@executable_path/Frameworks",
					"@loader_path/Frameworks",
				);
				PRODUCT_BUNDLE_IDENTIFIER = com.company.SimpleTaskManager.SimpleTaskManagerUITests;
				PRODUCT_NAME = "$(TARGET_NAME)";
				SWIFT_VERSION = 4.0;
				TARGETED_DEVICE_FAMILY = "1,2";
				TEST_TARGET_NAME = SimpleTaskManager;
			};
			name = Release;
		};
/* End XCBuildConfiguration section */

/* Begin XCConfigurationList section */
		A55A1CA220F2136F00AE31F9 /* Build configuration list for PBXProject "SimpleTaskManager" */ = {
			isa = XCConfigurationList;
			buildConfigurations = (
				A55A1CD020F2137200AE31F9 /* Debug */,
				A55A1CD120F2137200AE31F9 /* Release */,
			);
			defaultConfigurationIsVisible = 0;
			defaultConfigurationName = Release;
		};
		A55A1CD220F2137200AE31F9 /* Build configuration list for PBXNativeTarget "SimpleTaskManager" */ = {
			isa = XCConfigurationList;
			buildConfigurations = (
				A55A1CD320F2137200AE31F9 /* Debug */,
				A55A1CD420F2137200AE31F9 /* Release */,
			);
			defaultConfigurationIsVisible = 0;
			defaultConfigurationName = Release;
		};
		A55A1CD520F2137200AE31F9 /* Build configuration list for PBXNativeTarget "SimpleTaskManagerTests" */ = {
			isa = XCConfigurationList;
			buildConfigurations = (
				A55A1CD620F2137200AE31F9 /* Debug */,
				A55A1CD720F2137200AE31F9 /* Release */,
			);
			defaultConfigurationIsVisible = 0;
			defaultConfigurationName = Release;
		};
		A55A1CD820F2137200AE31F9 /* Build configuration list for PBXNativeTarget "SimpleTaskManagerUITests" */ = {
			isa = XCConfigurationList;
			buildConfigurations = (
				A55A1CD920F2137200AE31F9 /* Debug */,
				A55A1CDA20F2137200AE31F9 /* Release */,
			);
			defaultConfigurationIsVisible = 0;
			defaultConfigurationName = Release;
		};
/* End XCConfigurationList section */

/* Begin XCVersionGroup section */
		A55A1CB120F2137000AE31F9 /* SimpleTaskManager.xcdatamodeld */ = {
			isa = XCVersionGroup;
			children = (
				A55A1CB220F2137000AE31F9 /* SimpleTaskManager.xcdatamodel */,
			);
			currentVersion = A55A1CB220F2137000AE31F9 /* SimpleTaskManager.xcdatamodel */;
			path = SimpleTaskManager.xcdatamodeld;
			sourceTree = "<group>";
			versionGroupType = wrapper.xcdatamodel;
		};
/* End XCVersionGroup section */
	};
	rootObject = A55A1C9F20F2136F00AE31F9 /* Project object */;
}
